
Microsoft Visual Studio Solution File, Format Version 12.00
# Visual Studio Version 17
VisualStudioVersion = 17.0.31903.59
MinimumVisualStudioVersion = 10.0.40219.1
Project("{2150E333-8FDC-42A3-9474-1A3956D46DE8}") = "Traxs.SharedKernel", "Traxs.SharedKernel", "{9FC3B655-F47B-4860-AEA4-30A20DDF0A9F}"
	ProjectSection(SolutionItems) = preProject
		README.md = README.md
	EndProjectSection
EndProject
Project("{2150E333-8FDC-42A3-9474-1A3956D46DE8}") = "src", "src", "{1663F6DB-3CAB-409F-9781-1CF40585123C}"
EndProject
Project("{FAE04EC0-301F-11D3-BF4B-00C04F79EFBC}") = "Traxs.SharedKernel", "Traxs.SharedKernel\src\Traxs.SharedKernel\Traxs.SharedKernel.csproj", "{1ACBFA3D-304D-4CF2-A37A-409F4B1D07F5}"
EndProject
Project("{2150E333-8FDC-42A3-9474-1A3956D46DE8}") = "tests", "tests", "{B6433B97-FBB9-4F7D-83FC-2375FD694B59}"
EndProject
Project("{FAE04EC0-301F-11D3-BF4B-00C04F79EFBC}") = "Traxs.SharedKernel.UnitTests", "Traxs.SharedKernel\tests\Traxs.SharedKernel.UnitTests\Traxs.SharedKernel.UnitTests.csproj", "{259E972C-22BA-4AC7-BC9F-D9FB25B01AEC}"
EndProject
Global
	GlobalSection(SolutionConfigurationPlatforms) = preSolution
		Debug|Any CPU = Debug|Any CPU
		Debug|x64 = Debug|x64
		Debug|x86 = Debug|x86
		Release|Any CPU = Release|Any CPU
		Release|x64 = Release|x64
		Release|x86 = Release|x86
	EndGlobalSection
	GlobalSection(ProjectConfigurationPlatforms) = postSolution
		{1ACBFA3D-304D-4CF2-A37A-409F4B1D07F5}.Debug|Any CPU.ActiveCfg = Debug|Any CPU
		{1ACBFA3D-304D-4CF2-A37A-409F4B1D07F5}.Debug|Any CPU.Build.0 = Debug|Any CPU
		{1ACBFA3D-304D-4CF2-A37A-409F4B1D07F5}.Debug|x64.ActiveCfg = Debug|Any CPU
		{1ACBFA3D-304D-4CF2-A37A-409F4B1D07F5}.Debug|x64.Build.0 = Debug|Any CPU
		{1ACBFA3D-304D-4CF2-A37A-409F4B1D07F5}.Debug|x86.ActiveCfg = Debug|Any CPU
		{1ACBFA3D-304D-4CF2-A37A-409F4B1D07F5}.Debug|x86.Build.0 = Debug|Any CPU
		{1ACBFA3D-304D-4CF2-A37A-409F4B1D07F5}.Release|Any CPU.ActiveCfg = Release|Any CPU
		{1ACBFA3D-304D-4CF2-A37A-409F4B1D07F5}.Release|Any CPU.Build.0 = Release|Any CPU
		{1ACBFA3D-304D-4CF2-A37A-409F4B1D07F5}.Release|x64.ActiveCfg = Release|Any CPU
		{1ACBFA3D-304D-4CF2-A37A-409F4B1D07F5}.Release|x64.Build.0 = Release|Any CPU
		{1ACBFA3D-304D-4CF2-A37A-409F4B1D07F5}.Release|x86.ActiveCfg = Release|Any CPU
		{1ACBFA3D-304D-4CF2-A37A-409F4B1D07F5}.Release|x86.Build.0 = Release|Any CPU
		{259E972C-22BA-4AC7-BC9F-D9FB25B01AEC}.Debug|Any CPU.ActiveCfg = Debug|Any CPU
		{259E972C-22BA-4AC7-BC9F-D9FB25B01AEC}.Debug|Any CPU.Build.0 = Debug|Any CPU
		{259E972C-22BA-4AC7-BC9F-D9FB25B01AEC}.Debug|x64.ActiveCfg = Debug|Any CPU
		{259E972C-22BA-4AC7-BC9F-D9FB25B01AEC}.Debug|x64.Build.0 = Debug|Any CPU
		{259E972C-22BA-4AC7-BC9F-D9FB25B01AEC}.Debug|x86.ActiveCfg = Debug|Any CPU
		{259E972C-22BA-4AC7-BC9F-D9FB25B01AEC}.Debug|x86.Build.0 = Debug|Any CPU
		{259E972C-22BA-4AC7-BC9F-D9FB25B01AEC}.Release|Any CPU.ActiveCfg = Release|Any CPU
		{259E972C-22BA-4AC7-BC9F-D9FB25B01AEC}.Release|Any CPU.Build.0 = Release|Any CPU
		{259E972C-22BA-4AC7-BC9F-D9FB25B01AEC}.Release|x64.ActiveCfg = Release|Any CPU
		{259E972C-22BA-4AC7-BC9F-D9FB25B01AEC}.Release|x64.Build.0 = Release|Any CPU
		{259E972C-22BA-4AC7-BC9F-D9FB25B01AEC}.Release|x86.ActiveCfg = Release|Any CPU
		{259E972C-22BA-4AC7-BC9F-D9FB25B01AEC}.Release|x86.Build.0 = Release|Any CPU
	EndGlobalSection
	GlobalSection(SolutionProperties) = preSolution
		HideSolutionNode = FALSE
	EndGlobalSection
	GlobalSection(NestedProjects) = preSolution
		{1663F6DB-3CAB-409F-9781-1CF40585123C} = {9FC3B655-F47B-4860-AEA4-30A20DDF0A9F}
		{1ACBFA3D-304D-4CF2-A37A-409F4B1D07F5} = {1663F6DB-3CAB-409F-9781-1CF40585123C}
		{B6433B97-FBB9-4F7D-83FC-2375FD694B59} = {9FC3B655-F47B-4860-AEA4-30A20DDF0A9F}
		{259E972C-22BA-4AC7-BC9F-D9FB25B01AEC} = {B6433B97-FBB9-4F7D-83FC-2375FD694B59}
	EndGlobalSection
EndGlobal
