<Solution>
  <Folder Name="/Solution Items/">
    <File Path=".editorconfig" />
    <File Path="Directory.Build.props" />
    <File Path="Directory.Packages.props" />
  </Folder>
  <Folder Name="/src/">
    <Project Path="src/Traxs.SharedKernel/Traxs.SharedKernel.csproj" />
  </Folder>
  <Folder Name="/tests/">
    <File Path="GlobalUsings.cs" />
    <Project Path="tests/Traxs.SharedKernel.UnitTests/Traxs.SharedKernel.UnitTests.csproj" />
  </Folder>
</Solution>